
Microsoft Visual Studio Solution File, Format Version 12.00
# Visual Studio Version 17
VisualStudioVersion = 17.0.31521.260
MinimumVisualStudioVersion = 10.0.40219.1
Project("{FAE04EC0-301F-11D3-BF4B-00C04F79EFBC}") = "EngeneerLenRoo.Android", "EngeneerLenRoo\EngeneerLenRoo.Android\EngeneerLenRoo.Android.csproj", "{9888065B-9786-4A0E-8F73-5620EB7B4F50}"
EndProject
Project("{FAE04EC0-301F-11D3-BF4B-00C04F79EFBC}") = "EngeneerLenRoo", "EngeneerLenRoo\EngeneerLenRoo\EngeneerLenRoo.csproj", "{69ADE7C8-F855-44E6-80E0-8FF9CE02B4E2}"
EndProject
Project("{FAE04EC0-301F-11D3-BF4B-00C04F79EFBC}") = "EngeneerLenRooAspNet", "EngeneerLenRooAspNet\EngeneerLenRooAspNet.csproj", "{5146D867-1E80-443F-9C3A-A39F5512AF29}"
EndProject
Global
	GlobalSection(SolutionConfigurationPlatforms) = preSolution
		Debug|Any CPU = Debug|Any CPU
		Debug|ARM = Debug|ARM
		Debug|x64 = Debug|x64
		Debug|x86 = Debug|x86
		Release|Any CPU = Release|Any CPU
		Release|ARM = Release|ARM
		Release|x64 = Release|x64
		Release|x86 = Release|x86
	EndGlobalSection
	GlobalSection(ProjectConfigurationPlatforms) = postSolution
		{9888065B-9786-4A0E-8F73-5620EB7B4F50}.Debug|Any CPU.ActiveCfg = Debug|Any CPU
		{9888065B-9786-4A0E-8F73-5620EB7B4F50}.Debug|Any CPU.Build.0 = Debug|Any CPU
		{9888065B-9786-4A0E-8F73-5620EB7B4F50}.Debug|Any CPU.Deploy.0 = Debug|Any CPU
		{9888065B-9786-4A0E-8F73-5620EB7B4F50}.Debug|ARM.ActiveCfg = Debug|Any CPU
		{9888065B-9786-4A0E-8F73-5620EB7B4F50}.Debug|ARM.Build.0 = Debug|Any CPU
		{9888065B-9786-4A0E-8F73-5620EB7B4F50}.Debug|ARM.Deploy.0 = Debug|Any CPU
		{9888065B-9786-4A0E-8F73-5620EB7B4F50}.Debug|x64.ActiveCfg = Debug|Any CPU
		{9888065B-9786-4A0E-8F73-5620EB7B4F50}.Debug|x64.Build.0 = Debug|Any CPU
		{9888065B-9786-4A0E-8F73-5620EB7B4F50}.Debug|x64.Deploy.0 = Debug|Any CPU
		{9888065B-9786-4A0E-8F73-5620EB7B4F50}.Debug|x86.ActiveCfg = Debug|Any CPU
		{9888065B-9786-4A0E-8F73-5620EB7B4F50}.Debug|x86.Build.0 = Debug|Any CPU
		{9888065B-9786-4A0E-8F73-5620EB7B4F50}.Debug|x86.Deploy.0 = Debug|Any CPU
		{9888065B-9786-4A0E-8F73-5620EB7B4F50}.Release|Any CPU.ActiveCfg = Release|Any CPU
		{9888065B-9786-4A0E-8F73-5620EB7B4F50}.Release|Any CPU.Build.0 = Release|Any CPU
		{9888065B-9786-4A0E-8F73-5620EB7B4F50}.Release|Any CPU.Deploy.0 = Release|Any CPU
		{9888065B-9786-4A0E-8F73-5620EB7B4F50}.Release|ARM.ActiveCfg = Release|Any CPU
		{9888065B-9786-4A0E-8F73-5620EB7B4F50}.Release|ARM.Build.0 = Release|Any CPU
		{9888065B-9786-4A0E-8F73-5620EB7B4F50}.Release|ARM.Deploy.0 = Release|Any CPU
		{9888065B-9786-4A0E-8F73-5620EB7B4F50}.Release|x64.ActiveCfg = Release|Any CPU
		{9888065B-9786-4A0E-8F73-5620EB7B4F50}.Release|x64.Build.0 = Release|Any CPU
		{9888065B-9786-4A0E-8F73-5620EB7B4F50}.Release|x64.Deploy.0 = Release|Any CPU
		{9888065B-9786-4A0E-8F73-5620EB7B4F50}.Release|x86.ActiveCfg = Release|Any CPU
		{9888065B-9786-4A0E-8F73-5620EB7B4F50}.Release|x86.Build.0 = Release|Any CPU
		{9888065B-9786-4A0E-8F73-5620EB7B4F50}.Release|x86.Deploy.0 = Release|Any CPU
		{69ADE7C8-F855-44E6-80E0-8FF9CE02B4E2}.Debug|Any CPU.ActiveCfg = Debug|Any CPU
		{69ADE7C8-F855-44E6-80E0-8FF9CE02B4E2}.Debug|Any CPU.Build.0 = Debug|Any CPU
		{69ADE7C8-F855-44E6-80E0-8FF9CE02B4E2}.Debug|Any CPU.Deploy.0 = Debug|Any CPU
		{69ADE7C8-F855-44E6-80E0-8FF9CE02B4E2}.Debug|ARM.ActiveCfg = Debug|Any CPU
		{69ADE7C8-F855-44E6-80E0-8FF9CE02B4E2}.Debug|ARM.Build.0 = Debug|Any CPU
		{69ADE7C8-F855-44E6-80E0-8FF9CE02B4E2}.Debug|ARM.Deploy.0 = Debug|Any CPU
		{69ADE7C8-F855-44E6-80E0-8FF9CE02B4E2}.Debug|x64.ActiveCfg = Debug|Any CPU
		{69ADE7C8-F855-44E6-80E0-8FF9CE02B4E2}.Debug|x64.Build.0 = Debug|Any CPU
		{69ADE7C8-F855-44E6-80E0-8FF9CE02B4E2}.Debug|x64.Deploy.0 = Debug|Any CPU
		{69ADE7C8-F855-44E6-80E0-8FF9CE02B4E2}.Debug|x86.ActiveCfg = Debug|Any CPU
		{69ADE7C8-F855-44E6-80E0-8FF9CE02B4E2}.Debug|x86.Build.0 = Debug|Any CPU
		{69ADE7C8-F855-44E6-80E0-8FF9CE02B4E2}.Debug|x86.Deploy.0 = Debug|Any CPU
		{69ADE7C8-F855-44E6-80E0-8FF9CE02B4E2}.Release|Any CPU.ActiveCfg = Release|Any CPU
		{69ADE7C8-F855-44E6-80E0-8FF9CE02B4E2}.Release|Any CPU.Build.0 = Release|Any CPU
		{69ADE7C8-F855-44E6-80E0-8FF9CE02B4E2}.Release|Any CPU.Deploy.0 = Release|Any CPU
		{69ADE7C8-F855-44E6-80E0-8FF9CE02B4E2}.Release|ARM.ActiveCfg = Release|Any CPU
		{69ADE7C8-F855-44E6-80E0-8FF9CE02B4E2}.Release|ARM.Build.0 = Release|Any CPU
		{69ADE7C8-F855-44E6-80E0-8FF9CE02B4E2}.Release|ARM.Deploy.0 = Release|Any CPU
		{69ADE7C8-F855-44E6-80E0-8FF9CE02B4E2}.Release|x64.ActiveCfg = Release|Any CPU
		{69ADE7C8-F855-44E6-80E0-8FF9CE02B4E2}.Release|x64.Build.0 = Release|Any CPU
		{69ADE7C8-F855-44E6-80E0-8FF9CE02B4E2}.Release|x64.Deploy.0 = Release|Any CPU
		{69ADE7C8-F855-44E6-80E0-8FF9CE02B4E2}.Release|x86.ActiveCfg = Release|Any CPU
		{69ADE7C8-F855-44E6-80E0-8FF9CE02B4E2}.Release|x86.Build.0 = Release|Any CPU
		{69ADE7C8-F855-44E6-80E0-8FF9CE02B4E2}.Release|x86.Deploy.0 = Release|Any CPU
		{5146D867-1E80-443F-9C3A-A39F5512AF29}.Debug|Any CPU.ActiveCfg = Debug|Any CPU
		{5146D867-1E80-443F-9C3A-A39F5512AF29}.Debug|Any CPU.Build.0 = Debug|Any CPU
		{5146D867-1E80-443F-9C3A-A39F5512AF29}.Debug|ARM.ActiveCfg = Debug|Any CPU
		{5146D867-1E80-443F-9C3A-A39F5512AF29}.Debug|ARM.Build.0 = Debug|Any CPU
		{5146D867-1E80-443F-9C3A-A39F5512AF29}.Debug|x64.ActiveCfg = Debug|Any CPU
		{5146D867-1E80-443F-9C3A-A39F5512AF29}.Debug|x64.Build.0 = Debug|Any CPU
		{5146D867-1E80-443F-9C3A-A39F5512AF29}.Debug|x86.ActiveCfg = Debug|Any CPU
		{5146D867-1E80-443F-9C3A-A39F5512AF29}.Debug|x86.Build.0 = Debug|Any CPU
		{5146D867-1E80-443F-9C3A-A39F5512AF29}.Release|Any CPU.ActiveCfg = Release|Any CPU
		{5146D867-1E80-443F-9C3A-A39F5512AF29}.Release|Any CPU.Build.0 = Release|Any CPU
		{5146D867-1E80-443F-9C3A-A39F5512AF29}.Release|ARM.ActiveCfg = Release|Any CPU
		{5146D867-1E80-443F-9C3A-A39F5512AF29}.Release|ARM.Build.0 = Release|Any CPU
		{5146D867-1E80-443F-9C3A-A39F5512AF29}.Release|x64.ActiveCfg = Release|Any CPU
		{5146D867-1E80-443F-9C3A-A39F5512AF29}.Release|x64.Build.0 = Release|Any CPU
		{5146D867-1E80-443F-9C3A-A39F5512AF29}.Release|x86.ActiveCfg = Release|Any CPU
		{5146D867-1E80-443F-9C3A-A39F5512AF29}.Release|x86.Build.0 = Release|Any CPU
	EndGlobalSection
	GlobalSection(SolutionProperties) = preSolution
		HideSolutionNode = FALSE
	EndGlobalSection
	GlobalSection(ExtensibilityGlobals) = postSolution
		SolutionGuid = {C3F5B428-1AE0-4DE4-B9B6-63AD86128790}
	EndGlobalSection
EndGlobal
